
Microsoft Visual Studio Solution File, Format Version 12.00
# Visual Studio Version 17
VisualStudioVersion = 17.14.36202.13
MinimumVisualStudioVersion = 10.0.40219.1
Project("{FAE04EC0-301F-11D3-BF4B-00C04F79EFBC}") = "AiKnowledgeCopilot.API", "AiKnowledgeCopilot.API\AiKnowledgeCopilot.API.csproj", "{40F9A784-3A70-4CAB-A2FA-C71608EC3B0A}"
EndProject
Project("{FAE04EC0-301F-11D3-BF4B-00C04F79EFBC}") = "AiKnowledgeCopilot.Application", "AiKnowledgeCopilot.Application\AiKnowledgeCopilot.Application.csproj", "{BD7079B9-3A78-4C9C-ABE2-EA109E9A806F}"
EndProject
Project("{FAE04EC0-301F-11D3-BF4B-00C04F79EFBC}") = "AiKnowledgeCopilot.Domain", "AiKnowledgeCopilot.Domain\AiKnowledgeCopilot.Domain.csproj", "{D0B2B9E6-6805-40ED-A366-118CB926398A}"
EndProject
Project("{FAE04EC0-301F-11D3-BF4B-00C04F79EFBC}") = "AiKnowledgeCopilot.Infrastructure", "AiKnowledgeCopilot.Infrastructure\AiKnowledgeCopilot.Infrastructure.csproj", "{C3708F98-2188-45ED-8518-E16C8D7B0C53}"
EndProject
Global
	GlobalSection(SolutionConfigurationPlatforms) = preSolution
		Debug|Any CPU = Debug|Any CPU
		Release|Any CPU = Release|Any CPU
	EndGlobalSection
	GlobalSection(ProjectConfigurationPlatforms) = postSolution
		{40F9A784-3A70-4CAB-A2FA-C71608EC3B0A}.Debug|Any CPU.ActiveCfg = Debug|Any CPU
		{40F9A784-3A70-4CAB-A2FA-C71608EC3B0A}.Debug|Any CPU.Build.0 = Debug|Any CPU
		{40F9A784-3A70-4CAB-A2FA-C71608EC3B0A}.Release|Any CPU.ActiveCfg = Release|Any CPU
		{40F9A784-3A70-4CAB-A2FA-C71608EC3B0A}.Release|Any CPU.Build.0 = Release|Any CPU
		{BD7079B9-3A78-4C9C-ABE2-EA109E9A806F}.Debug|Any CPU.ActiveCfg = Debug|Any CPU
		{BD7079B9-3A78-4C9C-ABE2-EA109E9A806F}.Debug|Any CPU.Build.0 = Debug|Any CPU
		{BD7079B9-3A78-4C9C-ABE2-EA109E9A806F}.Release|Any CPU.ActiveCfg = Release|Any CPU
		{BD7079B9-3A78-4C9C-ABE2-EA109E9A806F}.Release|Any CPU.Build.0 = Release|Any CPU
		{D0B2B9E6-6805-40ED-A366-118CB926398A}.Debug|Any CPU.ActiveCfg = Debug|Any CPU
		{D0B2B9E6-6805-40ED-A366-118CB926398A}.Debug|Any CPU.Build.0 = Debug|Any CPU
		{D0B2B9E6-6805-40ED-A366-118CB926398A}.Release|Any CPU.ActiveCfg = Release|Any CPU
		{D0B2B9E6-6805-40ED-A366-118CB926398A}.Release|Any CPU.Build.0 = Release|Any CPU
		{C3708F98-2188-45ED-8518-E16C8D7B0C53}.Debug|Any CPU.ActiveCfg = Debug|Any CPU
		{C3708F98-2188-45ED-8518-E16C8D7B0C53}.Debug|Any CPU.Build.0 = Debug|Any CPU
		{C3708F98-2188-45ED-8518-E16C8D7B0C53}.Release|Any CPU.ActiveCfg = Release|Any CPU
		{C3708F98-2188-45ED-8518-E16C8D7B0C53}.Release|Any CPU.Build.0 = Release|Any CPU
	EndGlobalSection
	GlobalSection(SolutionProperties) = preSolution
		HideSolutionNode = FALSE
	EndGlobalSection
	GlobalSection(ExtensibilityGlobals) = postSolution
		SolutionGuid = {7F0B6045-3BBC-43B5-8128-230878E7F76B}
	EndGlobalSection
EndGlobal
